{
    "name": "evt",
    "version": "1.6.4",
    "lockfileVersion": 1,
    "requires": true,
    "dependencies": {
        "@types/node": {
            "version": "8.10.60",
            "resolved": "https://registry.npmjs.org/@types/node/-/node-8.10.60.tgz",
            "integrity": "sha512-YjPbypHFuiOV0bTgeF07HpEEqhmHaZqYNSdCKeBJa+yFoQ/7BC+FpJcwmi34xUIIRVFktnUyP1dPU8U0612GOg==",
            "dev": true
        },
        "commander": {
            "version": "4.1.1",
            "resolved": "https://registry.npmjs.org/commander/-/commander-4.1.1.tgz",
            "integrity": "sha512-NOKm8xhkzAjzFx8B2v5OAHT+u5pRQc2UCa2Vq9jYL/31o2wi9mxBA7LIFs3sV5VSC49z6pEhfbMULvShKj26WA==",
            "dev": true
        },
        "denoify": {
            "version": "github:garronej/denoify#05fcb59992f55695aff499ee6e1bc42b0d7dd30b",
            "from": "github:garronej/denoify",
            "dev": true,
            "requires": {
                "commander": "^4.1.1",
                "node-fetch": "^2.6.0",
                "scripting-tools": "github:garronej/scripting-tools#7a44164b04e452ddacd9a748bae0ee6a05e32e7f",
                "url-join": "^4.0.1"
            }
        },
        "minimal-polyfills": {
            "version": "1.0.7",
            "resolved": "https://registry.npmjs.org/minimal-polyfills/-/minimal-polyfills-1.0.7.tgz",
            "integrity": "sha512-V1sa1UqIZ673rAdrEUbARE+5CFf/aMCcVmunCzLvD4mcJde4aPLaoOj6zxxC04kAv76HDk+LoR4B3cV4jWTy7g=="
        },
        "node-fetch": {
            "version": "2.6.0",
            "resolved": "https://registry.npmjs.org/node-fetch/-/node-fetch-2.6.0.tgz",
            "integrity": "sha512-8dG4H5ujfvFiqDmVu9fQ5bOHUC15JMjMY/Zumv26oOvvVJjM67KF8koCWIabKQ1GJIa9r2mMZscBq/TbdOcmNA==",
            "dev": true
        },
        "run-exclusive": {
            "version": "2.1.11",
            "resolved": "https://registry.npmjs.org/run-exclusive/-/run-exclusive-2.1.11.tgz",
            "integrity": "sha512-gH7NUPa7H3dJcOP/mlVB6sE6KZM5/siPNAWFhKdK7g+vDUK03lRy8n8AZIOi00DMgpF+h7kHq8LODEe63k2uRw==",
            "requires": {
                "minimal-polyfills": "^1.0.3"
            }
        },
        "rxjs": {
            "version": "6.5.5",
            "resolved": "https://registry.npmjs.org/rxjs/-/rxjs-6.5.5.tgz",
            "integrity": "sha512-WfQI+1gohdf0Dai/Bbmk5L5ItH5tYqm3ki2c5GdWhKjalzjg93N3avFjVStyZZz+A2Em+ZxKH5bNghw9UeylGQ==",
            "dev": true,
            "requires": {
                "tslib": "^1.9.0"
            }
        },
        "scripting-tools": {
            "version": "github:garronej/scripting-tools#7a44164b04e452ddacd9a748bae0ee6a05e32e7f",
            "from": "github:garronej/scripting-tools",
            "dev": true
        },
        "tslib": {
            "version": "1.11.1",
            "resolved": "https://registry.npmjs.org/tslib/-/tslib-1.11.1.tgz",
            "integrity": "sha512-aZW88SY8kQbU7gpV19lN24LtXh/yD4ZZg6qieAJDDg+YBsJcSmLGK9QpnUjAKVG/xefmvJGd1WUmfpT/g6AJGA==",
            "dev": true
        },
        "typescript": {
            "version": "3.8.3",
            "resolved": "https://registry.npmjs.org/typescript/-/typescript-3.8.3.tgz",
            "integrity": "sha512-MYlEfn5VrLNsgudQTVJeNaQFUAI7DkhnOjdpAp4T+ku1TfQClewlbSuTVHiA+8skNBgaf02TL/kLOvig4y3G8w==",
            "dev": true
        },
        "url-join": {
            "version": "4.0.1",
            "resolved": "https://registry.npmjs.org/url-join/-/url-join-4.0.1.tgz",
            "integrity": "sha512-jk1+QP6ZJqyOiuEI9AEWQfju/nB2Pw466kbA0LEZljHwKeMgd9WrAEgEGxjPDD2+TNbbb37rTyhEfrCXfuKXnA==",
            "dev": true
        }
    }
}
