{
  "name": "ts-events-extended",
  "version": "4.1.7",
  "lockfileVersion": 1,
  "requires": true,
  "dependencies": {
    "@types/colors": {
      "version": "1.2.1",
      "resolved": "https://registry.npmjs.org/@types/colors/-/colors-1.2.1.tgz",
      "integrity": "sha512-7jNkpfN2lVO07nJ1RWzyMnNhH/I5N9iWuMPx9pedptxJ4MODf8rRV0lbJi6RakQ4sKQk231Fw4e2W9n3D7gZ3w==",
      "dev": true,
      "requires": {
        "colors": "*"
      }
    },
    "@types/node": {
      "version": "8.10.21",
      "resolved": "https://registry.npmjs.org/@types/node/-/node-8.10.21.tgz",
      "integrity": "sha512-87XkD9qDXm8fIax+5y7drx84cXsu34ZZqfB7Cial3Q/2lxSoJ/+DRaWckkCbxP41wFSIrrb939VhzaNxj4eY1w==",
      "dev": true
    },
    "colors": {
      "version": "1.3.0",
      "resolved": "https://registry.npmjs.org/colors/-/colors-1.3.0.tgz",
      "integrity": "sha512-EDpX3a7wHMWFA7PUHWPHNWqOxIIRSJetuwl0AS5Oi/5FMV8kWm69RTlgm00GKjBO1xFHMtBbL49yRtMMdticBw==",
      "dev": true
    },
    "run-exclusive": {
      "version": "github:garronej/run-exclusive#d13e5154e58e2ecdd2d5ab13d69eb183aa5895ab",
      "from": "github:garronej/run-exclusive"
    },
    "setprototypeof": {
      "version": "1.1.1",
      "resolved": "https://registry.npmjs.org/setprototypeof/-/setprototypeof-1.1.1.tgz",
      "integrity": "sha512-JvdAWfbXeIGaZ9cILp38HntZSFSo3mWg6xGcJJsd+d4aRMOqauag1C63dJfDw7OaMYwEbHMOxEZ1lqVRYP2OAw=="
    },
    "typescript": {
      "version": "2.9.2",
      "resolved": "https://registry.npmjs.org/typescript/-/typescript-2.9.2.tgz",
      "integrity": "sha512-Gr4p6nFNaoufRIY4NMdpQRNmgxVIGMs4Fcu/ujdYk3nAZqk7supzBE9idmvfZIlH/Cuj//dvi+019qEue9lV0w==",
      "dev": true
    }
  }
}
