{
    "name": "evt",
    "version": "1.6.6",
    "lockfileVersion": 1,
    "requires": true,
    "dependencies": {
        "@types/comment-json": {
            "version": "1.1.1",
            "resolved": "https://registry.npmjs.org/@types/comment-json/-/comment-json-1.1.1.tgz",
            "integrity": "sha512-U70oEqvnkeSSp8BIJwJclERtT13rd9ejK7XkIzMCQQePZe3VW1b7iQggXyW4ZvfGtGeXD0pZw24q5iWNe++HqQ==",
            "dev": true
        },
        "@types/node": {
            "version": "8.10.60",
            "resolved": "https://registry.npmjs.org/@types/node/-/node-8.10.60.tgz",
            "integrity": "sha512-YjPbypHFuiOV0bTgeF07HpEEqhmHaZqYNSdCKeBJa+yFoQ/7BC+FpJcwmi34xUIIRVFktnUyP1dPU8U0612GOg==",
            "dev": true
        },
        "commander": {
            "version": "4.1.1",
            "resolved": "https://registry.npmjs.org/commander/-/commander-4.1.1.tgz",
            "integrity": "sha512-NOKm8xhkzAjzFx8B2v5OAHT+u5pRQc2UCa2Vq9jYL/31o2wi9mxBA7LIFs3sV5VSC49z6pEhfbMULvShKj26WA==",
            "dev": true
        },
        "comment-json": {
            "version": "3.0.2",
            "resolved": "https://registry.npmjs.org/comment-json/-/comment-json-3.0.2.tgz",
            "integrity": "sha512-ysJasbJ671+8mPEmwLOfLFqxoGtSmjyoep+lKRVH4J1/hsGu79fwetMDQWk8de8mVgqDZ43D7JuJAlACqjI1pg==",
            "dev": true,
            "requires": {
                "core-util-is": "^1.0.2",
                "esprima": "^4.0.1",
                "has-own-prop": "^2.0.0",
                "repeat-string": "^1.6.1"
            }
        },
        "core-util-is": {
            "version": "1.0.2",
            "resolved": "https://registry.npmjs.org/core-util-is/-/core-util-is-1.0.2.tgz",
            "integrity": "sha1-tf1UIgqivFq1eqtxQMlAdUUDwac=",
            "dev": true
        },
        "denoify": {
            "version": "github:garronej/denoify#8dfa152f3440c73dcb91a242769266b1fb486478",
            "from": "github:garronej/denoify",
            "dev": true,
            "requires": {
                "@types/comment-json": "^1.1.1",
                "commander": "^4.1.1",
                "comment-json": "^3.0.2",
                "node-fetch": "^2.6.0",
                "scripting-tools": "github:garronej/scripting-tools#7a44164b04e452ddacd9a748bae0ee6a05e32e7f",
                "url-join": "^4.0.1"
            }
        },
        "esprima": {
            "version": "4.0.1",
            "resolved": "https://registry.npmjs.org/esprima/-/esprima-4.0.1.tgz",
            "integrity": "sha512-eGuFFw7Upda+g4p+QHvnW0RyTX/SVeJBDM/gCtMARO0cLuT2HcEKnTPvhjV6aGeqrCB/sbNop0Kszm0jsaWU4A==",
            "dev": true
        },
        "has-own-prop": {
            "version": "2.0.0",
            "resolved": "https://registry.npmjs.org/has-own-prop/-/has-own-prop-2.0.0.tgz",
            "integrity": "sha512-Pq0h+hvsVm6dDEa8x82GnLSYHOzNDt7f0ddFa3FqcQlgzEiptPqL+XrOJNavjOzSYiYWIrgeVYYgGlLmnxwilQ==",
            "dev": true
        },
        "minimal-polyfills": {
            "version": "1.0.8",
            "resolved": "https://registry.npmjs.org/minimal-polyfills/-/minimal-polyfills-1.0.8.tgz",
            "integrity": "sha512-UMxkuvOc+d+ipPXCJnKb6dsBwkNccXPNHn77GAvUTVIpXklqWT2uu1flluct2jYVx6v0at2NbggnKar0V7WMng=="
        },
        "node-fetch": {
            "version": "2.6.0",
            "resolved": "https://registry.npmjs.org/node-fetch/-/node-fetch-2.6.0.tgz",
            "integrity": "sha512-8dG4H5ujfvFiqDmVu9fQ5bOHUC15JMjMY/Zumv26oOvvVJjM67KF8koCWIabKQ1GJIa9r2mMZscBq/TbdOcmNA==",
            "dev": true
        },
        "repeat-string": {
            "version": "1.6.1",
            "resolved": "https://registry.npmjs.org/repeat-string/-/repeat-string-1.6.1.tgz",
            "integrity": "sha1-jcrkcOHIirwtYA//Sndihtp15jc=",
            "dev": true
        },
        "run-exclusive": {
            "version": "2.1.12",
            "resolved": "https://registry.npmjs.org/run-exclusive/-/run-exclusive-2.1.12.tgz",
            "integrity": "sha512-0WdKonJeW4jGTG4D/1bHLwj2KWZMI0nPnY4moWH0LDQC6on3QvG7f5d3Jkb0tZRh7dHelhBSgirwpthH9JMBBA==",
            "requires": {
                "minimal-polyfills": "^1.0.3"
            }
        },
        "rxjs": {
            "version": "6.5.5",
            "resolved": "https://registry.npmjs.org/rxjs/-/rxjs-6.5.5.tgz",
            "integrity": "sha512-WfQI+1gohdf0Dai/Bbmk5L5ItH5tYqm3ki2c5GdWhKjalzjg93N3avFjVStyZZz+A2Em+ZxKH5bNghw9UeylGQ==",
            "dev": true,
            "requires": {
                "tslib": "^1.9.0"
            }
        },
        "scripting-tools": {
            "version": "github:garronej/scripting-tools#7a44164b04e452ddacd9a748bae0ee6a05e32e7f",
            "from": "github:garronej/scripting-tools",
            "dev": true
        },
        "tslib": {
            "version": "1.11.1",
            "resolved": "https://registry.npmjs.org/tslib/-/tslib-1.11.1.tgz",
            "integrity": "sha512-aZW88SY8kQbU7gpV19lN24LtXh/yD4ZZg6qieAJDDg+YBsJcSmLGK9QpnUjAKVG/xefmvJGd1WUmfpT/g6AJGA==",
            "dev": true
        },
        "typescript": {
            "version": "3.8.3",
            "resolved": "https://registry.npmjs.org/typescript/-/typescript-3.8.3.tgz",
            "integrity": "sha512-MYlEfn5VrLNsgudQTVJeNaQFUAI7DkhnOjdpAp4T+ku1TfQClewlbSuTVHiA+8skNBgaf02TL/kLOvig4y3G8w==",
            "dev": true
        },
        "url-join": {
            "version": "4.0.1",
            "resolved": "https://registry.npmjs.org/url-join/-/url-join-4.0.1.tgz",
            "integrity": "sha512-jk1+QP6ZJqyOiuEI9AEWQfju/nB2Pw466kbA0LEZljHwKeMgd9WrAEgEGxjPDD2+TNbbb37rTyhEfrCXfuKXnA==",
            "dev": true
        }
    }
}
